
Microsoft Visual Studio Solution File, Format Version 12.00
# Visual Studio Version 16
VisualStudioVersion = 16.0.28902.138
MinimumVisualStudioVersion = 10.0.40219.1
Project("{FAE04EC0-301F-11D3-BF4B-00C04F79EFBC}") = "Prestige.WebApi", "src\Prestige.WebApi\Prestige.WebApi.csproj", "{5E803F3A-3F06-4D17-90D9-49F917A42F6C}"
EndProject
Global
	GlobalSection(SolutionConfigurationPlatforms) = preSolution
		Debug|Any CPU = Debug|Any CPU
		Release|Any CPU = Release|Any CPU
	EndGlobalSection
	GlobalSection(ProjectConfigurationPlatforms) = postSolution
		{5E803F3A-3F06-4D17-90D9-49F917A42F6C}.Debug|Any CPU.ActiveCfg = Debug|Any CPU
		{5E803F3A-3F06-4D17-90D9-49F917A42F6C}.Debug|Any CPU.Build.0 = Debug|Any CPU
		{5E803F3A-3F06-4D17-90D9-49F917A42F6C}.Release|Any CPU.ActiveCfg = Release|Any CPU
		{5E803F3A-3F06-4D17-90D9-49F917A42F6C}.Release|Any CPU.Build.0 = Release|Any CPU
	EndGlobalSection
	GlobalSection(SolutionProperties) = preSolution
		HideSolutionNode = FALSE
	EndGlobalSection
	GlobalSection(ExtensibilityGlobals) = postSolution
		SolutionGuid = {91EDFBD8-F689-4E86-94FC-F66477D378A3}
	EndGlobalSection
EndGlobal
